
Microsoft Visual Studio Solution File, Format Version 12.00
# Visual Studio Version 17
VisualStudioVersion = 17.14.35906.104 d17.14
MinimumVisualStudioVersion = 10.0.40219.1
Project("{FAE04EC0-301F-11D3-BF4B-00C04F79EFBC}") = "Pengguna", "Pengguna\Pengguna.csproj", "{D1ADA815-2F8B-4AC5-BB01-4FA5CDF41CD9}"
EndProject
Global
	GlobalSection(SolutionConfigurationPlatforms) = preSolution
		Debug|Any CPU = Debug|Any CPU
		Release|Any CPU = Release|Any CPU
	EndGlobalSection
	GlobalSection(ProjectConfigurationPlatforms) = postSolution
		{D1ADA815-2F8B-4AC5-BB01-4FA5CDF41CD9}.Debug|Any CPU.ActiveCfg = Debug|Any CPU
		{D1ADA815-2F8B-4AC5-BB01-4FA5CDF41CD9}.Debug|Any CPU.Build.0 = Debug|Any CPU
		{D1ADA815-2F8B-4AC5-BB01-4FA5CDF41CD9}.Release|Any CPU.ActiveCfg = Release|Any CPU
		{D1ADA815-2F8B-4AC5-BB01-4FA5CDF41CD9}.Release|Any CPU.Build.0 = Release|Any CPU
	EndGlobalSection
	GlobalSection(SolutionProperties) = preSolution
		HideSolutionNode = FALSE
	EndGlobalSection
	GlobalSection(ExtensibilityGlobals) = postSolution
		SolutionGuid = {9451E74B-0D48-4E23-B77D-AE6F7A17FB5C}
	EndGlobalSection
EndGlobal
